{
    "_readme": [
        "This file locks the dependencies of your project to a known state",
        "Read more about it at https://getcomposer.org/doc/01-basic-usage.md#installing-dependencies",
        "This file is @generated automatically"
    ],
    "content-hash": "7be8f676ffc0ca7f978ad4ee569d52ca",
    "packages": [
        {
            "name": "ngmy/typed-array",
            "version": "0.10.0",
            "source": {
                "type": "git",
                "url": "https://github.com/ngmy/php-typed-array.git",
                "reference": "107a930460de2cf59cc9dbfca721b94bd8a2e48a"
            },
            "dist": {
                "type": "zip",
                "url": "https://api.github.com/repos/ngmy/php-typed-array/zipball/107a930460de2cf59cc9dbfca721b94bd8a2e48a",
                "reference": "107a930460de2cf59cc9dbfca721b94bd8a2e48a",
                "shasum": ""
            },
            "require": {
                "php": "^7.3|^8.0"
            },
            "type": "library",
            "autoload": {
                "psr-4": {
                    "Ngmy\\TypedArray\\": "src/"
                },
                "files": [
                    "src/functions.php"
                ]
            },
            "notification-url": "https://packagist.org/downloads/",
            "license": [
                "MIT"
            ],
            "authors": [
                {
                    "name": "Yuta Nagamiya",
                    "email": "y.nagamiya@gmail.com"
                }
            ],
            "description": "The typed array for PHP",
            "keywords": [
                "Typed Array",
                "array",
                "type"
            ],
            "support": {
                "issues": "https://github.com/ngmy/php-typed-array/issues",
                "source": "https://github.com/ngmy/php-typed-array/tree/0.10.0"
            },
            "funding": [
                {
                    "url": "https://flattr.com/@ngmy",
                    "type": "custom"
                },
                {
                    "url": "https://github.com/ngmy",
                    "type": "github"
                }
            ],
            "time": "2021-04-03T08:51:46+00:00"
        }
    ],
    "packages-dev": [],
    "aliases": [],
    "minimum-stability": "dev",
    "stability-flags": [],
    "prefer-stable": true,
    "prefer-lowest": false,
    "platform": {
        "php": "^7.3|^8.0"
    },
    "platform-dev": [],
    "plugin-api-version": "2.0.0"
}
