{
    "_readme": [
        "This file locks the dependencies of your project to a known state",
        "Read more about it at https://getcomposer.org/doc/01-basic-usage.md#installing-dependencies",
        "This file is @generated automatically"
    ],
    "content-hash": "242e07387a353272851cb3d7246270c5",
    "packages": [
        {
            "name": "ngmy/typed-array",
            "version": "0.9.0",
            "source": {
                "type": "git",
                "url": "https://github.com/ngmy/php-typed-array.git",
                "reference": "c55688a86db5f83141623d25a32f9a80dbfab5b8"
            },
            "dist": {
                "type": "zip",
                "url": "https://api.github.com/repos/ngmy/php-typed-array/zipball/c55688a86db5f83141623d25a32f9a80dbfab5b8",
                "reference": "c55688a86db5f83141623d25a32f9a80dbfab5b8",
                "shasum": ""
            },
            "require": {
                "php": "^7.3|^8.0"
            },
            "type": "library",
            "autoload": {
                "psr-4": {
                    "Ngmy\\TypedArray\\": "src/"
                },
                "files": [
                    "src/functions.php"
                ]
            },
            "notification-url": "https://packagist.org/downloads/",
            "license": [
                "MIT"
            ],
            "authors": [
                {
                    "name": "Yuta Nagamiya",
                    "email": "y.nagamiya@gmail.com"
                }
            ],
            "description": "The typed array for PHP",
            "keywords": [
                "Typed Array",
                "array",
                "type"
            ],
            "funding": [
                {
                    "url": "https://flattr.com/@ngmy",
                    "type": "custom"
                },
                {
                    "url": "https://github.com/ngmy",
                    "type": "github"
                }
            ],
            "time": "2021-03-30T11:23:06+00:00"
        }
    ],
    "packages-dev": [],
    "aliases": [],
    "minimum-stability": "dev",
    "stability-flags": [],
    "prefer-stable": true,
    "prefer-lowest": false,
    "platform": {
        "php": "^7.3|^8.0"
    },
    "platform-dev": [],
    "plugin-api-version": "1.1.0"
}
